
Microsoft Visual Studio Solution File, Format Version 12.00
# Visual Studio Version 17
VisualStudioVersion = 17.2.32526.322
MinimumVisualStudioVersion = 10.0.40219.1
Project("{FAE04EC0-301F-11D3-BF4B-00C04F79EFBC}") = "File-Operations", "File-Operations\File-Operations.csproj", "{A8FE2BCF-CD42-40EA-9A98-921BD28F66C0}"
EndProject
Global
	GlobalSection(SolutionConfigurationPlatforms) = preSolution
		Debug|Any CPU = Debug|Any CPU
		Release|Any CPU = Release|Any CPU
	EndGlobalSection
	GlobalSection(ProjectConfigurationPlatforms) = postSolution
		{A8FE2BCF-CD42-40EA-9A98-921BD28F66C0}.Debug|Any CPU.ActiveCfg = Debug|Any CPU
		{A8FE2BCF-CD42-40EA-9A98-921BD28F66C0}.Debug|Any CPU.Build.0 = Debug|Any CPU
		{A8FE2BCF-CD42-40EA-9A98-921BD28F66C0}.Release|Any CPU.ActiveCfg = Release|Any CPU
		{A8FE2BCF-CD42-40EA-9A98-921BD28F66C0}.Release|Any CPU.Build.0 = Release|Any CPU
	EndGlobalSection
	GlobalSection(SolutionProperties) = preSolution
		HideSolutionNode = FALSE
	EndGlobalSection
	GlobalSection(ExtensibilityGlobals) = postSolution
		SolutionGuid = {AED3E76B-EEC4-4639-A4A6-F471050209A8}
	EndGlobalSection
EndGlobal
